// !$*UTF8*$!
{
	archiveVersion = 1;
	classes = {
	};
	objectVersion = 46;
	objects = {

/* Begin PBXBuildFile section */
		C401C99619697BB9009CC82D /* ODPaymentResults.swift in Sources */ = {isa = PBXBuildFile; fileRef = C401C99519697BB9009CC82D /* ODPaymentResults.swift */; };
		C401C99719697BB9009CC82D /* ODPaymentResults.swift in Sources */ = {isa = PBXBuildFile; fileRef = C401C99519697BB9009CC82D /* ODPaymentResults.swift */; };
		C41D6434196F031500954376 /* ODBalance.swift in Sources */ = {isa = PBXBuildFile; fileRef = C41D6433196F031500954376 /* ODBalance.swift */; };
		C41D6435196F031500954376 /* ODBalance.swift in Sources */ = {isa = PBXBuildFile; fileRef = C41D6433196F031500954376 /* ODBalance.swift */; };
		C4226ED11948C7880086F212 /* ODBlockChainWallet.h in Headers */ = {isa = PBXBuildFile; fileRef = C4226ED01948C7880086F212 /* ODBlockChainWallet.h */; settings = {ATTRIBUTES = (Public, ); }; };
		C4226ED71948C7880086F212 /* ODBlockChainWallet.framework in Frameworks */ = {isa = PBXBuildFile; fileRef = C4226ECB1948C7880086F212 /* ODBlockChainWallet.framework */; };
		C4226EEC1948C7DC0086F212 /* ODBlockChainError.swift in Sources */ = {isa = PBXBuildFile; fileRef = C4226EEB1948C7DC0086F212 /* ODBlockChainError.swift */; };
		C4226EF01948CD320086F212 /* ODWallet.swift in Sources */ = {isa = PBXBuildFile; fileRef = C4226EEF1948CD320086F212 /* ODWallet.swift */; };
		C4226EF21948D0760086F212 /* ODBlockChainConstants.swift in Sources */ = {isa = PBXBuildFile; fileRef = C4226EF11948D0760086F212 /* ODBlockChainConstants.swift */; };
		C4226EF71948D24C0086F212 /* NSUrlConnection+Blocks.swift in Sources */ = {isa = PBXBuildFile; fileRef = C4226EF61948D24C0086F212 /* NSUrlConnection+Blocks.swift */; };
		C4226EF91948D6490086F212 /* ODBlockChainService.swift in Sources */ = {isa = PBXBuildFile; fileRef = C4226EF81948D6490086F212 /* ODBlockChainService.swift */; };
		C44038E9196957AC0017B860 /* ODBlockChainError.swift in Sources */ = {isa = PBXBuildFile; fileRef = C4226EEB1948C7DC0086F212 /* ODBlockChainError.swift */; };
		C44038EA196957AC0017B860 /* ODWallet.swift in Sources */ = {isa = PBXBuildFile; fileRef = C4226EEF1948CD320086F212 /* ODWallet.swift */; };
		C44038EB196957AC0017B860 /* ODBlock.swift in Sources */ = {isa = PBXBuildFile; fileRef = C49752F5194F0A4F0045EB6A /* ODBlock.swift */; };
		C44038EC196957AC0017B860 /* ODSingleTransaction.swift in Sources */ = {isa = PBXBuildFile; fileRef = C4D162EB195B41DD00514F63 /* ODSingleTransaction.swift */; };
		C44038ED196957AC0017B860 /* ODSingleAddress.swift in Sources */ = {isa = PBXBuildFile; fileRef = C45D1FF7196331ED00CDFC79 /* ODSingleAddress.swift */; };
		C44038EE196957AC0017B860 /* ODBCBlockchainService.swift in Sources */ = {isa = PBXBuildFile; fileRef = C49752DA194F057F0045EB6A /* ODBCBlockchainService.swift */; };
		C44038EF196957AC0017B860 /* ODBCWalletService.swift in Sources */ = {isa = PBXBuildFile; fileRef = C49752D7194F05690045EB6A /* ODBCWalletService.swift */; };
		C44038F0196957AC0017B860 /* ODBlockChainService.swift in Sources */ = {isa = PBXBuildFile; fileRef = C4226EF81948D6490086F212 /* ODBlockChainService.swift */; };
		C449887E1971470600B6C0BE /* ODBalanceDetails.swift in Sources */ = {isa = PBXBuildFile; fileRef = C449887D1971470600B6C0BE /* ODBalanceDetails.swift */; };
		C449887F1971484500B6C0BE /* ODBalanceDetails.swift in Sources */ = {isa = PBXBuildFile; fileRef = C449887D1971470600B6C0BE /* ODBalanceDetails.swift */; };
		C44E5A30194B6B98006DAEE2 /* ODBlockChainConstants.swift in Sources */ = {isa = PBXBuildFile; fileRef = C4226EF11948D0760086F212 /* ODBlockChainConstants.swift */; };
		C44E5A35194B6B98006DAEE2 /* NSUrlConnection+Blocks.swift in Sources */ = {isa = PBXBuildFile; fileRef = C4226EF61948D24C0086F212 /* NSUrlConnection+Blocks.swift */; };
		C45D1FF8196331ED00CDFC79 /* ODSingleAddress.swift in Sources */ = {isa = PBXBuildFile; fileRef = C45D1FF7196331ED00CDFC79 /* ODSingleAddress.swift */; };
		C49752D8194F05690045EB6A /* ODBCWalletService.swift in Sources */ = {isa = PBXBuildFile; fileRef = C49752D7194F05690045EB6A /* ODBCWalletService.swift */; };
		C49752DB194F057F0045EB6A /* ODBCBlockchainService.swift in Sources */ = {isa = PBXBuildFile; fileRef = C49752DA194F057F0045EB6A /* ODBCBlockchainService.swift */; };
		C49752E2194F05A10045EB6A /* ODBCWalletTest.swift in Sources */ = {isa = PBXBuildFile; fileRef = C49752E0194F05A10045EB6A /* ODBCWalletTest.swift */; };
		C49752E8194F05C20045EB6A /* ODBCBlockchainTest.swift in Sources */ = {isa = PBXBuildFile; fileRef = C49752E6194F05C20045EB6A /* ODBCBlockchainTest.swift */; };
		C49752F6194F0A4F0045EB6A /* ODBlock.swift in Sources */ = {isa = PBXBuildFile; fileRef = C49752F5194F0A4F0045EB6A /* ODBlock.swift */; };
		C4D162EC195B41DD00514F63 /* ODSingleTransaction.swift in Sources */ = {isa = PBXBuildFile; fileRef = C4D162EB195B41DD00514F63 /* ODSingleTransaction.swift */; };
/* End PBXBuildFile section */

/* Begin PBXContainerItemProxy section */
		C4226ED81948C7880086F212 /* PBXContainerItemProxy */ = {
			isa = PBXContainerItemProxy;
			containerPortal = C4226EC21948C7880086F212 /* Project object */;
			proxyType = 1;
			remoteGlobalIDString = C4226ECA1948C7880086F212;
			remoteInfo = ODBlockChainWallet;
		};
		C44E5A28194B67FA006DAEE2 /* PBXContainerItemProxy */ = {
			isa = PBXContainerItemProxy;
			containerPortal = C4226EC21948C7880086F212 /* Project object */;
			proxyType = 1;
			remoteGlobalIDString = C4226ECA1948C7880086F212;
			remoteInfo = ODBlockChainWallet;
		};
		C44E5A2A194B67FA006DAEE2 /* PBXContainerItemProxy */ = {
			isa = PBXContainerItemProxy;
			containerPortal = C4226EC21948C7880086F212 /* Project object */;
			proxyType = 1;
			remoteGlobalIDString = C4226ECA1948C7880086F212;
			remoteInfo = ODBlockChainWallet;
		};
		C44E5A2C194B68AF006DAEE2 /* PBXContainerItemProxy */ = {
			isa = PBXContainerItemProxy;
			containerPortal = C4226EC21948C7880086F212 /* Project object */;
			proxyType = 1;
			remoteGlobalIDString = C4226ECA1948C7880086F212;
			remoteInfo = ODBlockChainWallet;
		};
		C44E5A2E194B68BB006DAEE2 /* PBXContainerItemProxy */ = {
			isa = PBXContainerItemProxy;
			containerPortal = C4226EC21948C7880086F212 /* Project object */;
			proxyType = 1;
			remoteGlobalIDString = C4226ECA1948C7880086F212;
			remoteInfo = ODBlockChainWallet;
		};
		C44E5A36194B70ED006DAEE2 /* PBXContainerItemProxy */ = {
			isa = PBXContainerItemProxy;
			containerPortal = C4226EC21948C7880086F212 /* Project object */;
			proxyType = 1;
			remoteGlobalIDString = C4226ECA1948C7880086F212;
			remoteInfo = ODBlockChainWallet;
		};
		C4CAD86F194BB8BE00132137 /* PBXContainerItemProxy */ = {
			isa = PBXContainerItemProxy;
			containerPortal = C4226EC21948C7880086F212 /* Project object */;
			proxyType = 1;
			remoteGlobalIDString = C4226ECA1948C7880086F212;
			remoteInfo = ODBlockChainWallet;
		};
		C4CAD871194BB8BF00132137 /* PBXContainerItemProxy */ = {
			isa = PBXContainerItemProxy;
			containerPortal = C4226EC21948C7880086F212 /* Project object */;
			proxyType = 1;
			remoteGlobalIDString = C4226ECA1948C7880086F212;
			remoteInfo = ODBlockChainWallet;
		};
		C4CAD873194DAE9A00132137 /* PBXContainerItemProxy */ = {
			isa = PBXContainerItemProxy;
			containerPortal = C4226EC21948C7880086F212 /* Project object */;
			proxyType = 1;
			remoteGlobalIDString = C4226ECA1948C7880086F212;
			remoteInfo = ODBlockChainWallet;
		};
/* End PBXContainerItemProxy section */

/* Begin PBXFileReference section */
		C401C99519697BB9009CC82D /* ODPaymentResults.swift */ = {isa = PBXFileReference; fileEncoding = 4; lastKnownFileType = sourcecode.swift; path = ODPaymentResults.swift; sourceTree = "<group>"; };
		C41D6433196F031500954376 /* ODBalance.swift */ = {isa = PBXFileReference; fileEncoding = 4; lastKnownFileType = sourcecode.swift; path = ODBalance.swift; sourceTree = "<group>"; };
		C4226ECB1948C7880086F212 /* ODBlockChainWallet.framework */ = {isa = PBXFileReference; explicitFileType = wrapper.framework; includeInIndex = 0; path = ODBlockChainWallet.framework; sourceTree = BUILT_PRODUCTS_DIR; };
		C4226ECF1948C7880086F212 /* Info.plist */ = {isa = PBXFileReference; lastKnownFileType = text.plist.xml; path = Info.plist; sourceTree = "<group>"; };
		C4226ED01948C7880086F212 /* ODBlockChainWallet.h */ = {isa = PBXFileReference; lastKnownFileType = sourcecode.c.h; path = ODBlockChainWallet.h; sourceTree = "<group>"; };
		C4226ED61948C7880086F212 /* ODBlockChainWalletTests.xctest */ = {isa = PBXFileReference; explicitFileType = wrapper.cfbundle; includeInIndex = 0; path = ODBlockChainWalletTests.xctest; sourceTree = BUILT_PRODUCTS_DIR; };
		C4226EDC1948C7880086F212 /* Info.plist */ = {isa = PBXFileReference; lastKnownFileType = text.plist.xml; path = Info.plist; sourceTree = "<group>"; };
		C4226EEB1948C7DC0086F212 /* ODBlockChainError.swift */ = {isa = PBXFileReference; fileEncoding = 4; lastKnownFileType = sourcecode.swift; name = ODBlockChainError.swift; path = ../Domain/ODBlockChainError.swift; sourceTree = "<group>"; };
		C4226EEF1948CD320086F212 /* ODWallet.swift */ = {isa = PBXFileReference; fileEncoding = 4; lastKnownFileType = sourcecode.swift; path = ODWallet.swift; sourceTree = "<group>"; };
		C4226EF11948D0760086F212 /* ODBlockChainConstants.swift */ = {isa = PBXFileReference; fileEncoding = 4; lastKnownFileType = sourcecode.swift; name = ODBlockChainConstants.swift; path = ../Services/ODBlockChainConstants.swift; sourceTree = "<group>"; };
		C4226EF61948D24C0086F212 /* NSUrlConnection+Blocks.swift */ = {isa = PBXFileReference; fileEncoding = 4; lastKnownFileType = sourcecode.swift; path = "NSUrlConnection+Blocks.swift"; sourceTree = "<group>"; };
		C4226EF81948D6490086F212 /* ODBlockChainService.swift */ = {isa = PBXFileReference; fileEncoding = 4; lastKnownFileType = sourcecode.swift; path = ODBlockChainService.swift; sourceTree = "<group>"; };
		C449887D1971470600B6C0BE /* ODBalanceDetails.swift */ = {isa = PBXFileReference; fileEncoding = 4; lastKnownFileType = sourcecode.swift; path = ODBalanceDetails.swift; sourceTree = "<group>"; };
		C45D1FF7196331ED00CDFC79 /* ODSingleAddress.swift */ = {isa = PBXFileReference; fileEncoding = 4; lastKnownFileType = sourcecode.swift; path = ODSingleAddress.swift; sourceTree = "<group>"; };
		C49752D7194F05690045EB6A /* ODBCWalletService.swift */ = {isa = PBXFileReference; fileEncoding = 4; lastKnownFileType = sourcecode.swift; path = ODBCWalletService.swift; sourceTree = "<group>"; };
		C49752DA194F057F0045EB6A /* ODBCBlockchainService.swift */ = {isa = PBXFileReference; fileEncoding = 4; lastKnownFileType = sourcecode.swift; path = ODBCBlockchainService.swift; sourceTree = "<group>"; };
		C49752E0194F05A10045EB6A /* ODBCWalletTest.swift */ = {isa = PBXFileReference; fileEncoding = 4; lastKnownFileType = sourcecode.swift; path = ODBCWalletTest.swift; sourceTree = "<group>"; };
		C49752E6194F05C20045EB6A /* ODBCBlockchainTest.swift */ = {isa = PBXFileReference; fileEncoding = 4; lastKnownFileType = sourcecode.swift; path = ODBCBlockchainTest.swift; sourceTree = "<group>"; };
		C49752F5194F0A4F0045EB6A /* ODBlock.swift */ = {isa = PBXFileReference; fileEncoding = 4; lastKnownFileType = sourcecode.swift; path = ODBlock.swift; sourceTree = "<group>"; };
		C4D162EB195B41DD00514F63 /* ODSingleTransaction.swift */ = {isa = PBXFileReference; fileEncoding = 4; lastKnownFileType = sourcecode.swift; path = ODSingleTransaction.swift; sourceTree = "<group>"; };
/* End PBXFileReference section */

/* Begin PBXFrameworksBuildPhase section */
		C4226EC71948C7880086F212 /* Frameworks */ = {
			isa = PBXFrameworksBuildPhase;
			buildActionMask = 2147483647;
			files = (
			);
			runOnlyForDeploymentPostprocessing = 0;
		};
		C4226ED31948C7880086F212 /* Frameworks */ = {
			isa = PBXFrameworksBuildPhase;
			buildActionMask = 2147483647;
			files = (
				C4226ED71948C7880086F212 /* ODBlockChainWallet.framework in Frameworks */,
			);
			runOnlyForDeploymentPostprocessing = 0;
		};
/* End PBXFrameworksBuildPhase section */

/* Begin PBXGroup section */
		C4226EC11948C7880086F212 = {
			isa = PBXGroup;
			children = (
				C4226ECD1948C7880086F212 /* ODBlockChainWallet */,
				C4226EDA1948C7880086F212 /* ODBlockChainWalletTests */,
				C4226ECC1948C7880086F212 /* Products */,
			);
			sourceTree = "<group>";
		};
		C4226ECC1948C7880086F212 /* Products */ = {
			isa = PBXGroup;
			children = (
				C4226ECB1948C7880086F212 /* ODBlockChainWallet.framework */,
				C4226ED61948C7880086F212 /* ODBlockChainWalletTests.xctest */,
			);
			name = Products;
			sourceTree = "<group>";
		};
		C4226ECD1948C7880086F212 /* ODBlockChainWallet */ = {
			isa = PBXGroup;
			children = (
				C4226EE71948C7CE0086F212 /* Constants */,
				C4226EE81948C7CE0086F212 /* Domain */,
				C4226EE91948C7CE0086F212 /* Services */,
				C4226EEA1948C7CE0086F212 /* Vendor */,
				C4226ED01948C7880086F212 /* ODBlockChainWallet.h */,
				C4226ECE1948C7880086F212 /* Supporting Files */,
			);
			path = ODBlockChainWallet;
			sourceTree = "<group>";
		};
		C4226ECE1948C7880086F212 /* Supporting Files */ = {
			isa = PBXGroup;
			children = (
				C4226ECF1948C7880086F212 /* Info.plist */,
			);
			name = "Supporting Files";
			sourceTree = "<group>";
		};
		C4226EDA1948C7880086F212 /* ODBlockChainWalletTests */ = {
			isa = PBXGroup;
			children = (
				C49752E6194F05C20045EB6A /* ODBCBlockchainTest.swift */,
				C49752E0194F05A10045EB6A /* ODBCWalletTest.swift */,
				C4226EDB1948C7880086F212 /* Supporting Files */,
			);
			path = ODBlockChainWalletTests;
			sourceTree = "<group>";
		};
		C4226EDB1948C7880086F212 /* Supporting Files */ = {
			isa = PBXGroup;
			children = (
				C4226EDC1948C7880086F212 /* Info.plist */,
			);
			name = "Supporting Files";
			sourceTree = "<group>";
		};
		C4226EE71948C7CE0086F212 /* Constants */ = {
			isa = PBXGroup;
			children = (
				C4226EF11948D0760086F212 /* ODBlockChainConstants.swift */,
			);
			path = Constants;
			sourceTree = "<group>";
		};
		C4226EE81948C7CE0086F212 /* Domain */ = {
			isa = PBXGroup;
			children = (
				C44038F219695F640017B860 /* Wallet */,
				C44038F119695F580017B860 /* Blockchain */,
			);
			path = Domain;
			sourceTree = "<group>";
		};
		C4226EE91948C7CE0086F212 /* Services */ = {
			isa = PBXGroup;
			children = (
				C4226EEB1948C7DC0086F212 /* ODBlockChainError.swift */,
				C4226EF81948D6490086F212 /* ODBlockChainService.swift */,
				C49752D5194F05690045EB6A /* Blockchain */,
				C49752D6194F05690045EB6A /* Wallet */,
			);
			path = Services;
			sourceTree = "<group>";
		};
		C4226EEA1948C7CE0086F212 /* Vendor */ = {
			isa = PBXGroup;
			children = (
				C4226EF51948D22E0086F212 /* NSUrlConnection+Blocks */,
			);
			path = Vendor;
			sourceTree = "<group>";
		};
		C4226EF51948D22E0086F212 /* NSUrlConnection+Blocks */ = {
			isa = PBXGroup;
			children = (
				C4226EF61948D24C0086F212 /* NSUrlConnection+Blocks.swift */,
			);
			name = "NSUrlConnection+Blocks";
			sourceTree = "<group>";
		};
		C44038F119695F580017B860 /* Blockchain */ = {
			isa = PBXGroup;
			children = (
				C49752F5194F0A4F0045EB6A /* ODBlock.swift */,
				C4D162EB195B41DD00514F63 /* ODSingleTransaction.swift */,
				C45D1FF7196331ED00CDFC79 /* ODSingleAddress.swift */,
			);
			name = Blockchain;
			sourceTree = "<group>";
		};
		C44038F219695F640017B860 /* Wallet */ = {
			isa = PBXGroup;
			children = (
				C4226EEF1948CD320086F212 /* ODWallet.swift */,
				C401C99519697BB9009CC82D /* ODPaymentResults.swift */,
				C41D6433196F031500954376 /* ODBalance.swift */,
				C449887D1971470600B6C0BE /* ODBalanceDetails.swift */,
			);
			name = Wallet;
			sourceTree = "<group>";
		};
		C49752D5194F05690045EB6A /* Blockchain */ = {
			isa = PBXGroup;
			children = (
				C49752DA194F057F0045EB6A /* ODBCBlockchainService.swift */,
			);
			name = Blockchain;
			path = Network;
			sourceTree = "<group>";
		};
		C49752D6194F05690045EB6A /* Wallet */ = {
			isa = PBXGroup;
			children = (
				C49752D7194F05690045EB6A /* ODBCWalletService.swift */,
			);
			name = Wallet;
			path = User;
			sourceTree = "<group>";
		};
/* End PBXGroup section */

/* Begin PBXHeadersBuildPhase section */
		C4226EC81948C7880086F212 /* Headers */ = {
			isa = PBXHeadersBuildPhase;
			buildActionMask = 2147483647;
			files = (
				C4226ED11948C7880086F212 /* ODBlockChainWallet.h in Headers */,
			);
			runOnlyForDeploymentPostprocessing = 0;
		};
/* End PBXHeadersBuildPhase section */

/* Begin PBXNativeTarget section */
		C4226ECA1948C7880086F212 /* ODBlockChainWallet */ = {
			isa = PBXNativeTarget;
			buildConfigurationList = C4226EE11948C7880086F212 /* Build configuration list for PBXNativeTarget "ODBlockChainWallet" */;
			buildPhases = (
				C4226EC61948C7880086F212 /* Sources */,
				C4226EC71948C7880086F212 /* Frameworks */,
				C4226EC81948C7880086F212 /* Headers */,
				C4226EC91948C7880086F212 /* Resources */,
			);
			buildRules = (
			);
			dependencies = (
			);
			name = ODBlockChainWallet;
			productName = ODBlockChainWallet;
			productReference = C4226ECB1948C7880086F212 /* ODBlockChainWallet.framework */;
			productType = "com.apple.product-type.framework";
		};
		C4226ED51948C7880086F212 /* ODBlockChainWalletTests */ = {
			isa = PBXNativeTarget;
			buildConfigurationList = C4226EE41948C7880086F212 /* Build configuration list for PBXNativeTarget "ODBlockChainWalletTests" */;
			buildPhases = (
				C4226ED21948C7880086F212 /* Sources */,
				C4226ED31948C7880086F212 /* Frameworks */,
				C4226ED41948C7880086F212 /* Resources */,
			);
			buildRules = (
			);
			dependencies = (
				C4226ED91948C7880086F212 /* PBXTargetDependency */,
				C44E5A29194B67FA006DAEE2 /* PBXTargetDependency */,
				C44E5A2B194B67FA006DAEE2 /* PBXTargetDependency */,
				C44E5A2D194B68AF006DAEE2 /* PBXTargetDependency */,
				C44E5A2F194B68BB006DAEE2 /* PBXTargetDependency */,
				C44E5A37194B70ED006DAEE2 /* PBXTargetDependency */,
				C4CAD870194BB8BE00132137 /* PBXTargetDependency */,
				C4CAD872194BB8BF00132137 /* PBXTargetDependency */,
				C4CAD874194DAE9A00132137 /* PBXTargetDependency */,
			);
			name = ODBlockChainWalletTests;
			productName = ODBlockChainWalletTests;
			productReference = C4226ED61948C7880086F212 /* ODBlockChainWalletTests.xctest */;
			productType = "com.apple.product-type.bundle.unit-test";
		};
/* End PBXNativeTarget section */

/* Begin PBXProject section */
		C4226EC21948C7880086F212 /* Project object */ = {
			isa = PBXProject;
			attributes = {
				LastUpgradeCheck = 0600;
				ORGANIZATIONNAME = "Olivier Demolliens";
				TargetAttributes = {
					C4226ECA1948C7880086F212 = {
						CreatedOnToolsVersion = 6.0;
					};
					C4226ED51948C7880086F212 = {
						CreatedOnToolsVersion = 6.0;
						TestTargetID = C4226ECA1948C7880086F212;
					};
				};
			};
			buildConfigurationList = C4226EC51948C7880086F212 /* Build configuration list for PBXProject "ODBlockChainWallet" */;
			compatibilityVersion = "Xcode 3.2";
			developmentRegion = English;
			hasScannedForEncodings = 0;
			knownRegions = (
				en,
			);
			mainGroup = C4226EC11948C7880086F212;
			productRefGroup = C4226ECC1948C7880086F212 /* Products */;
			projectDirPath = "";
			projectRoot = "";
			targets = (
				C4226ECA1948C7880086F212 /* ODBlockChainWallet */,
				C4226ED51948C7880086F212 /* ODBlockChainWalletTests */,
			);
		};
/* End PBXProject section */

/* Begin PBXResourcesBuildPhase section */
		C4226EC91948C7880086F212 /* Resources */ = {
			isa = PBXResourcesBuildPhase;
			buildActionMask = 2147483647;
			files = (
			);
			runOnlyForDeploymentPostprocessing = 0;
		};
		C4226ED41948C7880086F212 /* Resources */ = {
			isa = PBXResourcesBuildPhase;
			buildActionMask = 2147483647;
			files = (
			);
			runOnlyForDeploymentPostprocessing = 0;
		};
/* End PBXResourcesBuildPhase section */

/* Begin PBXSourcesBuildPhase section */
		C4226EC61948C7880086F212 /* Sources */ = {
			isa = PBXSourcesBuildPhase;
			buildActionMask = 2147483647;
			files = (
				C401C99619697BB9009CC82D /* ODPaymentResults.swift in Sources */,
				C4226EF91948D6490086F212 /* ODBlockChainService.swift in Sources */,
				C49752D8194F05690045EB6A /* ODBCWalletService.swift in Sources */,
				C41D6434196F031500954376 /* ODBalance.swift in Sources */,
				C4226EF71948D24C0086F212 /* NSUrlConnection+Blocks.swift in Sources */,
				C4226EEC1948C7DC0086F212 /* ODBlockChainError.swift in Sources */,
				C49752F6194F0A4F0045EB6A /* ODBlock.swift in Sources */,
				C4226EF21948D0760086F212 /* ODBlockChainConstants.swift in Sources */,
				C49752DB194F057F0045EB6A /* ODBCBlockchainService.swift in Sources */,
				C45D1FF8196331ED00CDFC79 /* ODSingleAddress.swift in Sources */,
				C449887E1971470600B6C0BE /* ODBalanceDetails.swift in Sources */,
				C4D162EC195B41DD00514F63 /* ODSingleTransaction.swift in Sources */,
				C4226EF01948CD320086F212 /* ODWallet.swift in Sources */,
			);
			runOnlyForDeploymentPostprocessing = 0;
		};
		C4226ED21948C7880086F212 /* Sources */ = {
			isa = PBXSourcesBuildPhase;
			buildActionMask = 2147483647;
			files = (
				C449887F1971484500B6C0BE /* ODBalanceDetails.swift in Sources */,
				C44038EB196957AC0017B860 /* ODBlock.swift in Sources */,
				C41D6435196F031500954376 /* ODBalance.swift in Sources */,
				C44038ED196957AC0017B860 /* ODSingleAddress.swift in Sources */,
				C44038E9196957AC0017B860 /* ODBlockChainError.swift in Sources */,
				C401C99719697BB9009CC82D /* ODPaymentResults.swift in Sources */,
				C44038EE196957AC0017B860 /* ODBCBlockchainService.swift in Sources */,
				C44E5A30194B6B98006DAEE2 /* ODBlockChainConstants.swift in Sources */,
				C44E5A35194B6B98006DAEE2 /* NSUrlConnection+Blocks.swift in Sources */,
				C44038F0196957AC0017B860 /* ODBlockChainService.swift in Sources */,
				C44038EA196957AC0017B860 /* ODWallet.swift in Sources */,
				C44038EF196957AC0017B860 /* ODBCWalletService.swift in Sources */,
				C49752E8194F05C20045EB6A /* ODBCBlockchainTest.swift in Sources */,
				C49752E2194F05A10045EB6A /* ODBCWalletTest.swift in Sources */,
				C44038EC196957AC0017B860 /* ODSingleTransaction.swift in Sources */,
			);
			runOnlyForDeploymentPostprocessing = 0;
		};
/* End PBXSourcesBuildPhase section */

/* Begin PBXTargetDependency section */
		C4226ED91948C7880086F212 /* PBXTargetDependency */ = {
			isa = PBXTargetDependency;
			target = C4226ECA1948C7880086F212 /* ODBlockChainWallet */;
			targetProxy = C4226ED81948C7880086F212 /* PBXContainerItemProxy */;
		};
		C44E5A29194B67FA006DAEE2 /* PBXTargetDependency */ = {
			isa = PBXTargetDependency;
			target = C4226ECA1948C7880086F212 /* ODBlockChainWallet */;
			targetProxy = C44E5A28194B67FA006DAEE2 /* PBXContainerItemProxy */;
		};
		C44E5A2B194B67FA006DAEE2 /* PBXTargetDependency */ = {
			isa = PBXTargetDependency;
			target = C4226ECA1948C7880086F212 /* ODBlockChainWallet */;
			targetProxy = C44E5A2A194B67FA006DAEE2 /* PBXContainerItemProxy */;
		};
		C44E5A2D194B68AF006DAEE2 /* PBXTargetDependency */ = {
			isa = PBXTargetDependency;
			target = C4226ECA1948C7880086F212 /* ODBlockChainWallet */;
			targetProxy = C44E5A2C194B68AF006DAEE2 /* PBXContainerItemProxy */;
		};
		C44E5A2F194B68BB006DAEE2 /* PBXTargetDependency */ = {
			isa = PBXTargetDependency;
			target = C4226ECA1948C7880086F212 /* ODBlockChainWallet */;
			targetProxy = C44E5A2E194B68BB006DAEE2 /* PBXContainerItemProxy */;
		};
		C44E5A37194B70ED006DAEE2 /* PBXTargetDependency */ = {
			isa = PBXTargetDependency;
			target = C4226ECA1948C7880086F212 /* ODBlockChainWallet */;
			targetProxy = C44E5A36194B70ED006DAEE2 /* PBXContainerItemProxy */;
		};
		C4CAD870194BB8BE00132137 /* PBXTargetDependency */ = {
			isa = PBXTargetDependency;
			target = C4226ECA1948C7880086F212 /* ODBlockChainWallet */;
			targetProxy = C4CAD86F194BB8BE00132137 /* PBXContainerItemProxy */;
		};
		C4CAD872194BB8BF00132137 /* PBXTargetDependency */ = {
			isa = PBXTargetDependency;
			target = C4226ECA1948C7880086F212 /* ODBlockChainWallet */;
			targetProxy = C4CAD871194BB8BF00132137 /* PBXContainerItemProxy */;
		};
		C4CAD874194DAE9A00132137 /* PBXTargetDependency */ = {
			isa = PBXTargetDependency;
			target = C4226ECA1948C7880086F212 /* ODBlockChainWallet */;
			targetProxy = C4CAD873194DAE9A00132137 /* PBXContainerItemProxy */;
		};
/* End PBXTargetDependency section */

/* Begin XCBuildConfiguration section */
		C4226EDF1948C7880086F212 /* Debug */ = {
			isa = XCBuildConfiguration;
			buildSettings = {
				ALWAYS_SEARCH_USER_PATHS = NO;
				CLANG_CXX_LANGUAGE_STANDARD = "gnu++0x";
				CLANG_CXX_LIBRARY = "libc++";
				CLANG_ENABLE_MODULES = YES;
				CLANG_ENABLE_OBJC_ARC = YES;
				CLANG_WARN_BOOL_CONVERSION = YES;
				CLANG_WARN_CONSTANT_CONVERSION = YES;
				CLANG_WARN_DIRECT_OBJC_ISA_USAGE = YES_ERROR;
				CLANG_WARN_EMPTY_BODY = YES;
				CLANG_WARN_ENUM_CONVERSION = YES;
				CLANG_WARN_INT_CONVERSION = YES;
				CLANG_WARN_OBJC_ROOT_CLASS = YES_ERROR;
				CLANG_WARN_UNREACHABLE_CODE = YES;
				CLANG_WARN__DUPLICATE_METHOD_MATCH = YES;
				"CODE_SIGN_IDENTITY[sdk=iphoneos*]" = "iPhone Developer";
				COPY_PHASE_STRIP = NO;
				CURRENT_PROJECT_VERSION = 1;
				ENABLE_STRICT_OBJC_MSGSEND = YES;
				GCC_C_LANGUAGE_STANDARD = gnu99;
				GCC_DYNAMIC_NO_PIC = NO;
				GCC_OPTIMIZATION_LEVEL = 0;
				GCC_PREPROCESSOR_DEFINITIONS = (
					"DEBUG=1",
					"$(inherited)",
				);
				GCC_SYMBOLS_PRIVATE_EXTERN = NO;
				GCC_WARN_64_TO_32_BIT_CONVERSION = YES;
				GCC_WARN_ABOUT_RETURN_TYPE = YES_ERROR;
				GCC_WARN_UNDECLARED_SELECTOR = YES;
				GCC_WARN_UNINITIALIZED_AUTOS = YES_AGGRESSIVE;
				GCC_WARN_UNUSED_FUNCTION = YES;
				GCC_WARN_UNUSED_VARIABLE = YES;
				IPHONEOS_DEPLOYMENT_TARGET = 8.0;
				METAL_ENABLE_DEBUG_INFO = YES;
				ONLY_ACTIVE_ARCH = YES;
				SDKROOT = iphoneos;
				SWIFT_OPTIMIZATION_LEVEL = "-Onone";
				TARGETED_DEVICE_FAMILY = "1,2";
				VERSIONING_SYSTEM = "apple-generic";
				VERSION_INFO_PREFIX = "";
			};
			name = Debug;
		};
		C4226EE01948C7880086F212 /* Release */ = {
			isa = XCBuildConfiguration;
			buildSettings = {
				ALWAYS_SEARCH_USER_PATHS = NO;
				CLANG_CXX_LANGUAGE_STANDARD = "gnu++0x";
				CLANG_CXX_LIBRARY = "libc++";
				CLANG_ENABLE_MODULES = YES;
				CLANG_ENABLE_OBJC_ARC = YES;
				CLANG_WARN_BOOL_CONVERSION = YES;
				CLANG_WARN_CONSTANT_CONVERSION = YES;
				CLANG_WARN_DIRECT_OBJC_ISA_USAGE = YES_ERROR;
				CLANG_WARN_EMPTY_BODY = YES;
				CLANG_WARN_ENUM_CONVERSION = YES;
				CLANG_WARN_INT_CONVERSION = YES;
				CLANG_WARN_OBJC_ROOT_CLASS = YES_ERROR;
				CLANG_WARN_UNREACHABLE_CODE = YES;
				CLANG_WARN__DUPLICATE_METHOD_MATCH = YES;
				"CODE_SIGN_IDENTITY[sdk=iphoneos*]" = "iPhone Developer";
				COPY_PHASE_STRIP = YES;
				CURRENT_PROJECT_VERSION = 1;
				ENABLE_NS_ASSERTIONS = NO;
				ENABLE_STRICT_OBJC_MSGSEND = YES;
				GCC_C_LANGUAGE_STANDARD = gnu99;
				GCC_WARN_64_TO_32_BIT_CONVERSION = YES;
				GCC_WARN_ABOUT_RETURN_TYPE = YES_ERROR;
				GCC_WARN_UNDECLARED_SELECTOR = YES;
				GCC_WARN_UNINITIALIZED_AUTOS = YES_AGGRESSIVE;
				GCC_WARN_UNUSED_FUNCTION = YES;
				GCC_WARN_UNUSED_VARIABLE = YES;
				IPHONEOS_DEPLOYMENT_TARGET = 8.0;
				METAL_ENABLE_DEBUG_INFO = NO;
				SDKROOT = iphoneos;
				TARGETED_DEVICE_FAMILY = "1,2";
				VALIDATE_PRODUCT = YES;
				VERSIONING_SYSTEM = "apple-generic";
				VERSION_INFO_PREFIX = "";
			};
			name = Release;
		};
		C4226EE21948C7880086F212 /* Debug */ = {
			isa = XCBuildConfiguration;
			buildSettings = {
				CLANG_ENABLE_MODULES = YES;
				DEFINES_MODULE = YES;
				DYLIB_COMPATIBILITY_VERSION = 1;
				DYLIB_CURRENT_VERSION = 1;
				DYLIB_INSTALL_NAME_BASE = "@rpath";
				INFOPLIST_FILE = ODBlockChainWallet/Info.plist;
				INSTALL_PATH = "$(LOCAL_LIBRARY_DIR)/Frameworks";
				LD_RUNPATH_SEARCH_PATHS = "$(inherited) @executable_path/Frameworks @loader_path/Frameworks";
				PRODUCT_NAME = "$(TARGET_NAME)";
				SKIP_INSTALL = YES;
				SWIFT_OPTIMIZATION_LEVEL = "-Onone";
			};
			name = Debug;
		};
		C4226EE31948C7880086F212 /* Release */ = {
			isa = XCBuildConfiguration;
			buildSettings = {
				CLANG_ENABLE_MODULES = YES;
				DEFINES_MODULE = YES;
				DYLIB_COMPATIBILITY_VERSION = 1;
				DYLIB_CURRENT_VERSION = 1;
				DYLIB_INSTALL_NAME_BASE = "@rpath";
				INFOPLIST_FILE = ODBlockChainWallet/Info.plist;
				INSTALL_PATH = "$(LOCAL_LIBRARY_DIR)/Frameworks";
				LD_RUNPATH_SEARCH_PATHS = "$(inherited) @executable_path/Frameworks @loader_path/Frameworks";
				PRODUCT_NAME = "$(TARGET_NAME)";
				SKIP_INSTALL = YES;
			};
			name = Release;
		};
		C4226EE51948C7880086F212 /* Debug */ = {
			isa = XCBuildConfiguration;
			buildSettings = {
				FRAMEWORK_SEARCH_PATHS = (
					"$(SDKROOT)/Developer/Library/Frameworks",
					"$(inherited)",
				);
				GCC_PREPROCESSOR_DEFINITIONS = (
					"DEBUG=1",
					"$(inherited)",
				);
				INFOPLIST_FILE = ODBlockChainWalletTests/Info.plist;
				LD_RUNPATH_SEARCH_PATHS = "$(inherited) @executable_path/Frameworks @loader_path/Frameworks";
				METAL_ENABLE_DEBUG_INFO = YES;
				OTHER_SWIFT_FLAGS = "-D DEBUG";
				PRODUCT_NAME = "$(TARGET_NAME)";
			};
			name = Debug;
		};
		C4226EE61948C7880086F212 /* Release */ = {
			isa = XCBuildConfiguration;
			buildSettings = {
				FRAMEWORK_SEARCH_PATHS = (
					"$(SDKROOT)/Developer/Library/Frameworks",
					"$(inherited)",
				);
				INFOPLIST_FILE = ODBlockChainWalletTests/Info.plist;
				LD_RUNPATH_SEARCH_PATHS = "$(inherited) @executable_path/Frameworks @loader_path/Frameworks";
				METAL_ENABLE_DEBUG_INFO = NO;
				OTHER_SWIFT_FLAGS = "-D DEBUG";
				PRODUCT_NAME = "$(TARGET_NAME)";
			};
			name = Release;
		};
/* End XCBuildConfiguration section */

/* Begin XCConfigurationList section */
		C4226EC51948C7880086F212 /* Build configuration list for PBXProject "ODBlockChainWallet" */ = {
			isa = XCConfigurationList;
			buildConfigurations = (
				C4226EDF1948C7880086F212 /* Debug */,
				C4226EE01948C7880086F212 /* Release */,
			);
			defaultConfigurationIsVisible = 0;
			defaultConfigurationName = Release;
		};
		C4226EE11948C7880086F212 /* Build configuration list for PBXNativeTarget "ODBlockChainWallet" */ = {
			isa = XCConfigurationList;
			buildConfigurations = (
				C4226EE21948C7880086F212 /* Debug */,
				C4226EE31948C7880086F212 /* Release */,
			);
			defaultConfigurationIsVisible = 0;
			defaultConfigurationName = Release;
		};
		C4226EE41948C7880086F212 /* Build configuration list for PBXNativeTarget "ODBlockChainWalletTests" */ = {
			isa = XCConfigurationList;
			buildConfigurations = (
				C4226EE51948C7880086F212 /* Debug */,
				C4226EE61948C7880086F212 /* Release */,
			);
			defaultConfigurationIsVisible = 0;
			defaultConfigurationName = Release;
		};
/* End XCConfigurationList section */
	};
	rootObject = C4226EC21948C7880086F212 /* Project object */;
}
